<?xml version="1.0" encoding="UTF-8" standalone="yes" ?>
<CodeBlocks_project_file>
	<FileVersion major="1" minor="6" />
	<Project>
		<Option title="mariadb++" />
		<Option pch_mode="2" />
		<Option compiler="gcc" />
		<Build>
			<Target title="Debug">
				<Option output="lib/libmariadb++" prefix_auto="0" extension_auto="1" />
				<Option working_dir="" />
				<Option object_output="obj/Debug/" />
				<Option type="2" />
				<Option compiler="gcc" />
				<Option createDefFile="1" />
				<Compiler>
					<Add option="-Wall" />
					<Add option="-g" />
					<Add option="-DDEBUG" />
				</Compiler>
			</Target>
			<Target title="Release">
				<Option output="lib/libmariadb++" prefix_auto="1" extension_auto="1" />
				<Option working_dir="" />
				<Option object_output="obj/Release/" />
				<Option type="2" />
				<Option compiler="gcc" />
				<Option createDefFile="1" />
				<Compiler>
					<Add option="-Wall" />
					<Add option="-O2" />
				</Compiler>
				<Linker>
					<Add option="-s" />
				</Linker>
			</Target>
			<Environment>
				<Variable name="MYSQL_CLIENT_VERSION" value='&quot;mariadb++ 1.0&quot;' />
			</Environment>
		</Build>
		<Compiler>
			<Add option="-fpermissive" />
			<Add option="-fopenmp" />
			<Add option="-std=c++11" />
			<Add directory="../mariadb-native-client/include" />
			<Add directory="include" />
		</Compiler>
		<Unit filename="include/mariadb++/account.hpp" />
		<Unit filename="include/mariadb++/concurrency.hpp" />
		<Unit filename="include/mariadb++/connection.hpp" />
		<Unit filename="include/mariadb++/data.hpp" />
		<Unit filename="include/mariadb++/date_time.hpp" />
		<Unit filename="include/mariadb++/decimal.hpp" />
		<Unit filename="include/mariadb++/exceptions.hpp" />
		<Unit filename="include/mariadb++/last_error.hpp" />
		<Unit filename="include/mariadb++/mariadb++.hpp" />
		<Unit filename="include/mariadb++/result_set.hpp" />
		<Unit filename="include/mariadb++/save_point.hpp" />
		<Unit filename="include/mariadb++/statement.hpp" />
		<Unit filename="include/mariadb++/time.hpp" />
		<Unit filename="include/mariadb++/time_span.hpp" />
		<Unit filename="include/mariadb++/transaction.hpp" />
		<Unit filename="include/mariadb++/types.hpp" />
		<Unit filename="src/account.cpp" />
		<Unit filename="src/bind.cpp" />
		<Unit filename="src/bind.hpp" />
		<Unit filename="src/concurrency.cpp" />
		<Unit filename="src/connection.cpp" />
		<Unit filename="src/date_time.cpp" />
		<Unit filename="src/decimal.cpp" />
		<Unit filename="src/exceptions.cpp" />
		<Unit filename="src/last_error.cpp" />
		<Unit filename="src/private.cpp" />
		<Unit filename="src/private.hpp" />
		<Unit filename="src/result_set.cpp" />
		<Unit filename="src/save_point.cpp" />
		<Unit filename="src/statement.cpp" />
		<Unit filename="src/time.cpp" />
		<Unit filename="src/time_span.cpp" />
		<Unit filename="src/transaction.cpp" />
		<Unit filename="src/worker.cpp" />
		<Unit filename="src/worker.hpp" />
		<Extensions>
			<code_completion />
			<debugger />
		</Extensions>
	</Project>
</CodeBlocks_project_file>
