<?xml version="1.0" encoding="UTF-8" standalone="yes" ?>
<CodeBlocks_project_file>
	<FileVersion major="1" minor="6" />
	<Project>
		<Option title="unittest" />
		<Option pch_mode="2" />
		<Option compiler="gcc" />
		<Build>
			<Target title="Debug">
				<Option output="bin/Debug/unittest" prefix_auto="1" extension_auto="1" />
				<Option object_output="obj/Debug/" />
				<Option type="1" />
				<Option compiler="gcc" />
				<Compiler>
					<Add option="-g" />
				</Compiler>
				<ExtraCommands>
					<Add after="cp bin/Debug64/unittest unittest" />
					<Mode after="always" />
				</ExtraCommands>
			</Target>
			<Target title="Release">
				<Option output="bin/Release/unittest" prefix_auto="1" extension_auto="1" />
				<Option object_output="obj/Release/" />
				<Option type="1" />
				<Option compiler="gcc" />
				<Compiler>
					<Add option="-O2" />
				</Compiler>
				<Linker>
					<Add option="-s" />
				</Linker>
				<ExtraCommands>
					<Add after="cp bin/Release64/unittest unittest" />
					<Mode after="always" />
				</ExtraCommands>
			</Target>
		</Build>
		<Compiler>
			<Add option="-Wall" />
			<Add option="-fexceptions" />
			<Add option="-std=c++11" />
			<Add directory="../include" />
			<Add directory="../mariadb-native-client/include" />
		</Compiler>
		<Linker>
			<Add library="../lib/libmariadb++.a" />
			<Add library="../mariadb-native-client/libmariadb/libmariadbclient.a" />
			<Add library="pthread" />
			<Add library="stdc++" />
			<Add library="z" />
			<Add library="ssl" />
		</Linker>
		<Unit filename="database.cpp" />
		<Unit filename="date_time.cpp" />
		<Unit filename="decimal.cpp" />
		<Unit filename="main.cpp" />
		<Unit filename="test.cpp" />
		<Unit filename="test.hpp" />
		<Extensions>
			<code_completion />
			<debugger />
		</Extensions>
	</Project>
</CodeBlocks_project_file>
